
Microsoft Visual Studio Solution File, Format Version 12.00
# Visual Studio Version 16
VisualStudioVersion = 16.0.33130.400
MinimumVisualStudioVersion = 10.0.40219.1
Project("{FAE04EC0-301F-11D3-BF4B-00C04F79EFBC}") = "Saskia", "Saskia.csproj", "{DF24BE0C-946C-4B6B-B057-1AB7E67DE30A}"
EndProject
Global
	GlobalSection(SolutionConfigurationPlatforms) = preSolution
		Debug|Any CPU = Debug|Any CPU
		Release|Any CPU = Release|Any CPU
	EndGlobalSection
	GlobalSection(ProjectConfigurationPlatforms) = postSolution
		{DF24BE0C-946C-4B6B-B057-1AB7E67DE30A}.Debug|Any CPU.ActiveCfg = Debug|Any CPU
		{DF24BE0C-946C-4B6B-B057-1AB7E67DE30A}.Debug|Any CPU.Build.0 = Debug|Any CPU
		{DF24BE0C-946C-4B6B-B057-1AB7E67DE30A}.Release|Any CPU.ActiveCfg = Release|Any CPU
		{DF24BE0C-946C-4B6B-B057-1AB7E67DE30A}.Release|Any CPU.Build.0 = Release|Any CPU
	EndGlobalSection
	GlobalSection(SolutionProperties) = preSolution
		HideSolutionNode = FALSE
	EndGlobalSection
	GlobalSection(ExtensibilityGlobals) = postSolution
		SolutionGuid = {AF3961AA-87B4-4CD4-9E9A-748C700E10F4}
	EndGlobalSection
EndGlobal
